
Microsoft Visual Studio Solution File, Format Version 12.00
# Visual Studio 15
VisualStudioVersion = 15.0.28307.1738
MinimumVisualStudioVersion = 10.0.40219.1
Project("{FAE04EC0-301F-11D3-BF4B-00C04F79EFBC}") = "AccessoriesIS", "AccessoriesIS\AccessoriesIS.csproj", "{558024D4-4998-457D-9C5A-8C4B8407FB29}"
EndProject
Global
	GlobalSection(SolutionConfigurationPlatforms) = preSolution
		Debug|Any CPU = Debug|Any CPU
		Release|Any CPU = Release|Any CPU
	EndGlobalSection
	GlobalSection(ProjectConfigurationPlatforms) = postSolution
		{558024D4-4998-457D-9C5A-8C4B8407FB29}.Debug|Any CPU.ActiveCfg = Debug|Any CPU
		{558024D4-4998-457D-9C5A-8C4B8407FB29}.Debug|Any CPU.Build.0 = Debug|Any CPU
		{558024D4-4998-457D-9C5A-8C4B8407FB29}.Release|Any CPU.ActiveCfg = Release|Any CPU
		{558024D4-4998-457D-9C5A-8C4B8407FB29}.Release|Any CPU.Build.0 = Release|Any CPU
	EndGlobalSection
	GlobalSection(SolutionProperties) = preSolution
		HideSolutionNode = FALSE
	EndGlobalSection
	GlobalSection(ExtensibilityGlobals) = postSolution
		SolutionGuid = {36075E51-D6BF-46A8-A630-B05D4ED2CC1F}
	EndGlobalSection
EndGlobal
